# THIS IS AN AUTOGENERATED FILE. DO NOT EDIT THIS FILE DIRECTLY.
# yarn lockfile v1


"@a-la/export@1.3.0":
  version "1.3.0"
  resolved "https://registry.yarnpkg.com/@a-la/export/-/export-1.3.0.tgz#aaa22530315f85557331ddd2fc096b1b20d11afb"
  integrity sha512-IeKQCGLTNgs7fXe23FiJEO0z1XYqNBl5FE+BBXcKgDhT6MRBeorqyh1rqE+95fxlfmgXy+eGENWe8o2Kz1lehQ==

"@a-la/import@1.7.0":
  version "1.7.0"
  resolved "https://registry.yarnpkg.com/@a-la/import/-/import-1.7.0.tgz#169849ac4ac50558867f89e38f841dc2eee51ae8"
  integrity sha512-4iLDtywkxKaRupaLcc/ZNSxE0HWiag3z/9DsfWU0smdwXmgfkcqM9lGwhGM4vkB3YqXTOD3MtGRxxjrOIjDtjQ==

"@a-la/markers@1.0.3":
  version "1.0.3"
  resolved "https://registry.yarnpkg.com/@a-la/markers/-/markers-1.0.3.tgz#2800c812acce35d01756cd82a0553320d405f38d"
  integrity sha512-Ex51MqG+NEXyfNjkR9uthB2vQV3qy5QAa+yvB3uIhmONsO7CQIWQ+bI+wf1bqDnhWPvL6Z7aeT6wKmdJce2LvA==
  dependencies:
    restream "3.1.1"

"@artdeco/clean-stack@1.0.0":
  version "1.0.0"
  resolved "https://registry.yarnpkg.com/@artdeco/clean-stack/-/clean-stack-1.0.0.tgz#36ff9c9f66e6cb1eb0bfa90341be21cba70c7ea6"
  integrity sha512-lNrvCAG7xU8z2srq7XSbyDECGEjhXiXlP3CbQ4G0OSTckUBnu7yY7zUcpDK5x1CxyWvDKb3qsUkKKgK703GBeA==

"@wrote/ensure-path@1.0.3":
  version "1.0.3"
  resolved "https://registry.yarnpkg.com/@wrote/ensure-path/-/ensure-path-1.0.3.tgz#7faeff4ebb5b3972b745e0cc85f3e06cbca51d51"
  integrity sha512-rp1HNLlxzGwiYB/hEcJeejPoSkyS96xPmRVfzEu/BqV/KPtPUhUiRIxhYQykQPQVhql9qwy2fYrGszG3UBCKGw==
  dependencies:
    makepromise "3.0.1"

"@wrote/read-dir-structure@1.0.1":
  version "1.0.1"
  resolved "https://registry.yarnpkg.com/@wrote/read-dir-structure/-/read-dir-structure-1.0.1.tgz#fe1bf41715a0dbf7c2fb65a7d7b4fefab127eb24"
  integrity sha1-/hv0FxWg2/fC+2Wn17T++rEn6yQ=
  dependencies:
    makepromise "2.0.0"

"@zoroaster/fork@1.0.0":
  version "1.0.0"
  resolved "https://registry.yarnpkg.com/@zoroaster/fork/-/fork-1.0.0.tgz#3418d2af1ad498bf9fb2a696591362bb626b54f0"
  integrity sha512-x/OFTMykPzSesnkrjGJ2wCNu90L3Sin0XfYfWTKjOOhuUCoCNGdvHhyK0c36BH3ZGpnNPy8NK2mcRHnuOmut0g==
  dependencies:
    assert-diff "2.0.3"
    catchment "3.1.1"
    erte "1.1.4"
    forkfeed "1.0.0"
    mismatch "1.0.3"
    spawncommand "2.1.0"

"@zoroaster/reducer@1.0.0":
  version "1.0.0"
  resolved "https://registry.yarnpkg.com/@zoroaster/reducer/-/reducer-1.0.0.tgz#f7bd98a6b189743371e26d2f799ebe5c7e4e67af"
  integrity sha512-awx48MA9Lmdrdkf0GRALZs7wt85qwFAszyMngftL2rKdNvuqGbNGv37ZW+F/c3bx2+8oFs7iEm0wYayGyz91fg==
  dependencies:
    promto "1.0.1"

alamode@1.6.0:
  version "1.6.0"
  resolved "https://registry.yarnpkg.com/alamode/-/alamode-1.6.0.tgz#5b79d6914b8bc8df16222b38885b5dff6b7a729b"
  integrity sha512-DrMtouK9uIc7TrOOnOLXiD6N+Y7S3bJttO32jHBK8golYPS1FF7QlXFmpWkwhugG3RCRkcIKTpE026GrVprBzQ==
  dependencies:
    "@a-la/export" "1.3.0"
    "@a-la/import" "1.7.0"
    "@a-la/markers" "1.0.3"
    "@wrote/ensure-path" "1.0.3"
    "@wrote/read-dir-structure" "1.0.1"
    argufy "1.2.1"
    pirates "4.0.0"
    restream "3.2.1"
    source-map "0.7.3"
    usually "1.0.0"
    which-stream "1.0.1"

alamode@1.6.1:
  version "1.6.1"
  resolved "https://registry.yarnpkg.com/alamode/-/alamode-1.6.1.tgz#9786829ee444f4537ee84e1b67b0b6a2246b2ecb"
  integrity sha512-XEVYXHjR7zVVxextZVe4zLv7uEFgWzq6Rl1ArX8uCqBlvONcDWyFfvyYpk5NGfE6ve+88M0Lof6+5U0cRN+H1Q==
  dependencies:
    "@a-la/export" "1.3.0"
    "@a-la/import" "1.7.0"
    "@a-la/markers" "1.0.3"
    "@wrote/ensure-path" "1.0.3"
    "@wrote/read-dir-structure" "1.0.1"
    argufy "1.2.1"
    catchment "3.2.0"
    pirates "4.0.0"
    restream "3.4.1"
    source-map "0.7.3"
    usually "1.1.0"
    which-stream "1.0.1"

argufy@1.2.1:
  version "1.2.1"
  resolved "https://registry.yarnpkg.com/argufy/-/argufy-1.2.1.tgz#34985fe1087dee7fd96c92fad17c0dd137991d95"
  integrity sha1-NJhf4Qh97n/ZbJL60XwN0TeZHZU=

assert-diff@2.0.3:
  version "2.0.3"
  resolved "https://registry.yarnpkg.com/assert-diff/-/assert-diff-2.0.3.tgz#f7a5ab51f8da1bf2dbc9afd3f0b9ea6919808a74"
  integrity sha512-TAPT9BmNP3384kP9jdkgRIYdddSO2hG3oG8B5+hoTd2khGC0XrM8ZT+FEkTr4kFFhzDuUveGtvNGcXD63qP6Mw==
  dependencies:
    assert-plus "1.0.0"
    json-diff "0.5.2"

assert-plus@1.0.0:
  version "1.0.0"
  resolved "https://registry.yarnpkg.com/assert-plus/-/assert-plus-1.0.0.tgz#f12e0f3c5d77b0b1cdd9146942e4e96c1e4dd525"

assert-throws@3.1.1:
  version "3.1.1"
  resolved "https://registry.yarnpkg.com/assert-throws/-/assert-throws-3.1.1.tgz#a6f385317a330b16d7bd871a00ef8ec07cc12934"
  integrity sha512-vU7Yc4Fus4577JSZaR9i0AM81nINu9wNGWsUgG6C4NWLyqVSyJ1DjKTYIMT5CxN94VmFp/7ue3+GiXfhwVp2JQ==
  dependencies:
    erotic "2.0.1"
    erte "1.1.4"

catchment@2.0.1:
  version "2.0.1"
  resolved "https://registry.yarnpkg.com/catchment/-/catchment-2.0.1.tgz#df0a05ac2e1194cf280c2444d5bb564a9cc8f488"

catchment@3.0.1:
  version "3.0.1"
  resolved "https://registry.yarnpkg.com/catchment/-/catchment-3.0.1.tgz#11dab5fea86d412343e797e052b21091b7e83a55"
  integrity sha512-rT/WIcR2hBPwlcOLx7ULAM6yWBLfDjVTMnzrMyjxKhFKAWClVTjDSoe8mxn3ZyAlCyg+Vbtw1iPopa6YxUkW4A==

catchment@3.1.1:
  version "3.1.1"
  resolved "https://registry.yarnpkg.com/catchment/-/catchment-3.1.1.tgz#dad005e4383cb56f0108d8ea1f877608df22be59"
  integrity sha512-4PXPVDARu22RQ1I4AqtcH7vLCLmywPvfaT/Z+NOkL2FjsMYmVo6NsTpwe2o2+VVAAVI73jOwwrbE1xn9I9wJkg==
  dependencies:
    "@artdeco/clean-stack" "1.0.0"
    erotic "2.0.1"

catchment@3.2.0:
  version "3.2.0"
  resolved "https://registry.yarnpkg.com/catchment/-/catchment-3.2.0.tgz#1b846c4a4acd488061b1b054274edd2f5111cd8d"
  integrity sha512-mGhiTkSgPaKAEeB0lVLRM+TWlzkoPq5SGvAgsjNayfBzQjqwRdPIUs2Y1ksvU5WsP5JdtcPVFyyGLM6K8xnQqA==
  dependencies:
    "@artdeco/clean-stack" "1.0.0"
    erotic "2.0.1"

clean-stack@1.3.0:
  version "1.3.0"
  resolved "https://registry.yarnpkg.com/clean-stack/-/clean-stack-1.3.0.tgz#9e821501ae979986c46b1d66d2d432db2fd4ae31"

cli-color@~0.1.6:
  version "0.1.7"
  resolved "https://registry.yarnpkg.com/cli-color/-/cli-color-0.1.7.tgz#adc3200fa471cc211b0da7f566b71e98b9d67347"
  dependencies:
    es5-ext "0.8.x"

diff@3.5.0:
  version "3.5.0"
  resolved "https://registry.yarnpkg.com/diff/-/diff-3.5.0.tgz#800c0dd1e0a8bfbc95835c202ad220fe317e5a12"

diff@4.0.1:
  version "4.0.1"
  resolved "https://registry.yarnpkg.com/diff/-/diff-4.0.1.tgz#0c667cb467ebbb5cea7f14f135cc2dba7780a8ff"
  integrity sha512-s2+XdvhPCOF01LRQBC8hf4vhbVmI2CGS5aZnxLJlT5FtdhPCDFq80q++zK2KlrVorVDdL5BOGZ/VfLrVtYNF+Q==

difflib@~0.2.1:
  version "0.2.4"
  resolved "https://registry.yarnpkg.com/difflib/-/difflib-0.2.4.tgz#b5e30361a6db023176d562892db85940a718f47e"
  dependencies:
    heap ">= 0.2.0"

dreamopt@~0.6.0:
  version "0.6.0"
  resolved "https://registry.yarnpkg.com/dreamopt/-/dreamopt-0.6.0.tgz#d813ccdac8d39d8ad526775514a13dda664d6b4b"
  dependencies:
    wordwrap ">=0.0.2"

erotic@0.2.0:
  version "0.2.0"
  resolved "https://registry.yarnpkg.com/erotic/-/erotic-0.2.0.tgz#4162384016281b1dd313bf1ecc87576f92d8e509"
  dependencies:
    clean-stack "1.3.0"

erotic@1.0.1:
  version "1.0.1"
  resolved "https://registry.yarnpkg.com/erotic/-/erotic-1.0.1.tgz#222fedd8215937b9e5d0ec37abb27889af63776f"
  integrity sha1-Ii/t2CFZN7nl0Ow3q7J4ia9jd28=
  dependencies:
    clean-stack "1.3.0"

erotic@1.2.1:
  version "1.2.1"
  resolved "https://registry.yarnpkg.com/erotic/-/erotic-1.2.1.tgz#f5265147573991578808de69af28316aa788f0ae"
  integrity sha1-9SZRR1c5kVeICN5prygxaqeI8K4=
  dependencies:
    clean-stack "1.3.0"

erotic@2.0.1:
  version "2.0.1"
  resolved "https://registry.yarnpkg.com/erotic/-/erotic-2.0.1.tgz#bcb45bf61e5a3a9006bbee2cf998515a56f3961b"
  integrity sha512-4J/dXhlM9lFYI5GvY4vS+W2M8w5Rmrj+Hh6y/GNb8u1YK6B/jszBMbMRJRDSSbTblbqDD23+97MrMl9hVxqmGg==
  dependencies:
    "@artdeco/clean-stack" "1.0.0"

erte@1.1.4:
  version "1.1.4"
  resolved "https://registry.yarnpkg.com/erte/-/erte-1.1.4.tgz#1400a891622c5a12970b710b2f227a7182c0dc9c"
  integrity sha1-FACokWIsWhKXC3ELLyJ6cYLA3Jw=
  dependencies:
    diff "3.5.0"

es5-ext@0.8.x:
  version "0.8.2"
  resolved "https://registry.yarnpkg.com/es5-ext/-/es5-ext-0.8.2.tgz#aba8d9e1943a895ac96837a62a39b3f55ecd94ab"

forkfeed@1.0.0:
  version "1.0.0"
  resolved "https://registry.yarnpkg.com/forkfeed/-/forkfeed-1.0.0.tgz#e519201d8f3809a0802b72347066a0a772f0629b"
  integrity sha512-E8O9yqYwJLxyExwKLAbDe/Mw20fUuxwplFB/h8lpRQWgKrPcih3uuVKPyXqcJ0N/iPHJMHV6ZH1iFjIkRYvaFw==

"heap@>= 0.2.0":
  version "0.2.6"
  resolved "https://registry.yarnpkg.com/heap/-/heap-0.2.6.tgz#087e1f10b046932fc8594dd9e6d378afc9d1e5ac"

json-diff@0.5.2:
  version "0.5.2"
  resolved "https://registry.yarnpkg.com/json-diff/-/json-diff-0.5.2.tgz#e0bc9e434cd2c4c6354487835e01bf3fed335cda"
  dependencies:
    cli-color "~0.1.6"
    difflib "~0.2.1"
    dreamopt "~0.6.0"

makepromise@1.1.1:
  version "1.1.1"
  resolved "https://registry.yarnpkg.com/makepromise/-/makepromise-1.1.1.tgz#4e03bf98c25ca96a4223b0f2e280e3b3a6f9dea4"
  dependencies:
    erotic "0.2.0"

makepromise@2.0.0:
  version "2.0.0"
  resolved "https://registry.yarnpkg.com/makepromise/-/makepromise-2.0.0.tgz#3b91b9de3e36cd6979c94c38392f04ba4d8e1f18"
  integrity sha1-O5G53j42zWl5yUw4OS8Euk2OHxg=
  dependencies:
    erotic "1.0.1"

makepromise@3.0.1:
  version "3.0.1"
  resolved "https://registry.yarnpkg.com/makepromise/-/makepromise-3.0.1.tgz#5610962047452f91b278c4d3bdc1c854185d913e"
  integrity sha512-7HaS+sBv5yQJyGGqhmbnRyam+WuEmGuQ77N7+ymvRaOTm8ntEyWCk3XMpAkgpSO1N1kWwO9BNJqd/HItJNITbg==
  dependencies:
    erotic "1.2.1"

mismatch@1.0.3:
  version "1.0.3"
  resolved "https://registry.yarnpkg.com/mismatch/-/mismatch-1.0.3.tgz#416cbe164971a8eafc6f3a68c7c63a77bdf06bfb"
  integrity sha512-zm4Ff5SloRfOBvzKSQoieOCv7fA9dQP3JfNDrNF+9UXle00JS1BZV3EXiYozYfVJNhYP/1r9VV1aVBPMfXNxhw==

node-modules-regexp@^1.0.0:
  version "1.0.0"
  resolved "https://registry.yarnpkg.com/node-modules-regexp/-/node-modules-regexp-1.0.0.tgz#8d9dbe28964a4ac5712e9131642107c71e90ec40"
  integrity sha1-jZ2+KJZKSsVxLpExZCEHxx6Q7EA=

pirates@4.0.0:
  version "4.0.0"
  resolved "https://registry.yarnpkg.com/pirates/-/pirates-4.0.0.tgz#850b18781b4ac6ec58a43c9ed9ec5fe6796addbd"
  integrity sha512-8t5BsXy1LUIjn3WWOlOuFDuKswhQb/tkak641lvBgmPOBUQHXveORtlMCp6OdPV1dtuTaEahKA8VNz6uLfKBtA==
  dependencies:
    node-modules-regexp "^1.0.0"

promto@1.0.1:
  version "1.0.1"
  resolved "https://registry.yarnpkg.com/promto/-/promto-1.0.1.tgz#0a169fc7bd8f48cef1ee9faeace61a100305a536"

reloquent@1.0.6:
  version "1.0.6"
  resolved "https://registry.yarnpkg.com/reloquent/-/reloquent-1.0.6.tgz#56cb87f43209e421a129df48ba621a658c08b1d4"
  integrity sha1-VsuH9DIJ5CGhKd9IumIaZYwIsdQ=
  dependencies:
    promto "1.0.1"

restream@1.2.0:
  version "1.2.0"
  resolved "https://registry.yarnpkg.com/restream/-/restream-1.2.0.tgz#fd13b031a54e80cc65d1878c43149f1b3a40efbb"

restream@3.1.1:
  version "3.1.1"
  resolved "https://registry.yarnpkg.com/restream/-/restream-3.1.1.tgz#36084997bd3e765c2da484700e16b850c2f9ffb4"
  integrity sha512-mFHfHno39K371GeDxN07bDK6LtGqoA0PQVePRAQ1kwWVgjDiwkHhLif/4HrCoCWNIv6SXLHePCiMomX4j5Y5ZA==

restream@3.2.1:
  version "3.2.1"
  resolved "https://registry.yarnpkg.com/restream/-/restream-3.2.1.tgz#0dc7354eb364b5045a2ab0a9c70f1f2c384c489a"
  integrity sha512-rbLqOxDsCi+nbAfQDgSTBaUsusG0/uJPBfdAwbwCciGz6BS9xr3YBwqWIuwyINZUe2ZRyNGZcVbDx/mvwvTTyg==
  dependencies:
    "@artdeco/clean-stack" "1.0.0"

restream@3.4.1:
  version "3.4.1"
  resolved "https://registry.yarnpkg.com/restream/-/restream-3.4.1.tgz#3ae08677176a2ba484a55b7e2ec2105d7847f07e"
  integrity sha512-aWur+X3dItQjmw2c7KPiyy2BEw20+0d1nk0IAgVEqcvNrGh7MZ4stZ1KnSr5ekcHwI9VDP/3lJ6N2+nLIZduLA==
  dependencies:
    "@artdeco/clean-stack" "1.0.0"

snapshot-context@2.0.4:
  version "2.0.4"
  resolved "https://registry.yarnpkg.com/snapshot-context/-/snapshot-context-2.0.4.tgz#b8121d9bff2eded0462a74fa503186fdaea17444"
  integrity sha512-uwbNvHhpQ5LtPTF87+r5PcAXz7k+Rs2fkC41b9niYQYzrc6HZQE01N43uBypr3WBRfimlnrf2e2qVSM0cOEW1Q==
  dependencies:
    assert-diff "2.0.3"
    erotic "1.2.1"
    erte "1.1.4"
    reloquent "1.0.6"
    wrote "1.4.0"

source-map@0.7.3:
  version "0.7.3"
  resolved "https://registry.yarnpkg.com/source-map/-/source-map-0.7.3.tgz#5302f8169031735226544092e64981f751750383"
  integrity sha512-CkCj6giN3S+n9qrYiBTX5gystlENnRW5jZeNLHpe6aue+SrHcG5VYwujhW9s4dY31mEGsxBDrHR6oI69fTXsaQ==

spawncommand@2.1.0:
  version "2.1.0"
  resolved "https://registry.yarnpkg.com/spawncommand/-/spawncommand-2.1.0.tgz#a5ef60ae7892e8718a9c717fc52fe5f54521e0de"
  integrity sha512-iLQzOn/Ihmiw78iIeT9Xd5VH9RrhBCriMhCKhjD/xLP83koSwlMG5nFnIJewwud+FAO8JqnXXO5eovjNqeU+Mg==
  dependencies:
    catchment "3.1.1"

usually@1.0.0:
  version "1.0.0"
  resolved "https://registry.yarnpkg.com/usually/-/usually-1.0.0.tgz#3ace5b09471ddf35cccca85971ca178b5255d4b0"
  integrity sha1-Os5bCUcd3zXMzKhZccoXi1JV1LA=

usually@1.1.0:
  version "1.1.0"
  resolved "https://registry.yarnpkg.com/usually/-/usually-1.1.0.tgz#c79965c264596cd3ead181f84dae64dee24b60d6"
  integrity sha512-xGl7nUfT/DifxhZg97MTwjsl795RX0UiNWPvaItg8viTSRujH2D4jSi93yeuKxLDhJyEMId6cnyiD2SdEQ2jLw==

which-stream@1.0.1:
  version "1.0.1"
  resolved "https://registry.yarnpkg.com/which-stream/-/which-stream-1.0.1.tgz#2b495b083b1c31ff68dd4d770b0caa7f86e769af"
  integrity sha512-UANI3ps4Qh+SKR39/z/2NZBNk/FKLYFpbPBc1bv3cX+PRR2ycinKCXpFOMCXv67xWBlSw7nIzd4ZD0hFGNQ99g==
  dependencies:
    catchment "3.0.1"

wordwrap@>=0.0.2:
  version "1.0.0"
  resolved "https://registry.yarnpkg.com/wordwrap/-/wordwrap-1.0.0.tgz#27584810891456a4171c8d0226441ade90cbcaeb"

wrote@1.4.0:
  version "1.4.0"
  resolved "https://registry.yarnpkg.com/wrote/-/wrote-1.4.0.tgz#68c95aa1d62e425c8cdf03fa26baa3acca2eed8f"
  dependencies:
    catchment "2.0.1"
    makepromise "1.1.1"
    restream "1.2.0"

zoroaster@3.6.6:
  version "3.6.6"
  resolved "https://registry.yarnpkg.com/zoroaster/-/zoroaster-3.6.6.tgz#dd4830d061c29df0e71e31cad9adf26d13996e2f"
  integrity sha512-gCChvf19qrIVWuHIjErEX0+OMM94JJ4CtrRHs1SGAION7rQ4U3yhHSPLm4wkxfj1G+SwQvMebnzyJ5+va28WwA==
  dependencies:
    "@artdeco/clean-stack" "1.0.0"
    "@zoroaster/fork" "1.0.0"
    "@zoroaster/reducer" "1.0.0"
    alamode "1.6.0"
    argufy "1.2.1"
    assert-diff "2.0.3"
    assert-throws "3.1.1"
    catchment "3.1.1"
    erte "1.1.4"
    forkfeed "1.0.0"
    makepromise "3.0.1"
    mismatch "1.0.3"
    spawncommand "2.1.0"
    usually "1.0.0"
